
Microsoft Visual Studio Solution File, Format Version 12.00
# Visual Studio Version 16
VisualStudioVersion = 16.0.31624.102
MinimumVisualStudioVersion = 10.0.40219.1
Project("{FAE04EC0-301F-11D3-BF4B-00C04F79EFBC}") = "SimpleECommerce", "SimpleECommerce\SimpleECommerce.csproj", "{C38BCAC8-BDC1-4D13-B7C9-E49B68555FCD}"
EndProject
Global
	GlobalSection(SolutionConfigurationPlatforms) = preSolution
		Debug|Any CPU = Debug|Any CPU
		Release|Any CPU = Release|Any CPU
	EndGlobalSection
	GlobalSection(ProjectConfigurationPlatforms) = postSolution
		{C38BCAC8-BDC1-4D13-B7C9-E49B68555FCD}.Debug|Any CPU.ActiveCfg = Debug|Any CPU
		{C38BCAC8-BDC1-4D13-B7C9-E49B68555FCD}.Debug|Any CPU.Build.0 = Debug|Any CPU
		{C38BCAC8-BDC1-4D13-B7C9-E49B68555FCD}.Release|Any CPU.ActiveCfg = Release|Any CPU
		{C38BCAC8-BDC1-4D13-B7C9-E49B68555FCD}.Release|Any CPU.Build.0 = Release|Any CPU
	EndGlobalSection
	GlobalSection(SolutionProperties) = preSolution
		HideSolutionNode = FALSE
	EndGlobalSection
	GlobalSection(ExtensibilityGlobals) = postSolution
		SolutionGuid = {2F0EDB15-BFAB-4025-90ED-82697E387E47}
	EndGlobalSection
EndGlobal
