
Microsoft Visual Studio Solution File, Format Version 12.00
# Visual Studio Version 16
VisualStudioVersion = 16.0.31005.135
MinimumVisualStudioVersion = 10.0.40219.1
Project("{FAE04EC0-301F-11D3-BF4B-00C04F79EFBC}") = "MultidimensionalArrays", "MultidimensionalArrays\MultidimensionalArrays.csproj", "{BF952914-D617-4ACA-87C9-67068E18C663}"
EndProject
Global
	GlobalSection(SolutionConfigurationPlatforms) = preSolution
		Debug|Any CPU = Debug|Any CPU
		Release|Any CPU = Release|Any CPU
	EndGlobalSection
	GlobalSection(ProjectConfigurationPlatforms) = postSolution
		{BF952914-D617-4ACA-87C9-67068E18C663}.Debug|Any CPU.ActiveCfg = Debug|Any CPU
		{BF952914-D617-4ACA-87C9-67068E18C663}.Debug|Any CPU.Build.0 = Debug|Any CPU
		{BF952914-D617-4ACA-87C9-67068E18C663}.Release|Any CPU.ActiveCfg = Release|Any CPU
		{BF952914-D617-4ACA-87C9-67068E18C663}.Release|Any CPU.Build.0 = Release|Any CPU
	EndGlobalSection
	GlobalSection(SolutionProperties) = preSolution
		HideSolutionNode = FALSE
	EndGlobalSection
	GlobalSection(ExtensibilityGlobals) = postSolution
		SolutionGuid = {F23B7175-5A34-4CB1-8455-D6A0B297067E}
	EndGlobalSection
EndGlobal
