
Microsoft Visual Studio Solution File, Format Version 12.00
# Visual Studio Version 16
VisualStudioVersion = 16.0.31624.102
MinimumVisualStudioVersion = 10.0.40219.1
Project("{9A19103F-16F7-4668-BE54-9A1E7A4F7556}") = "EsVillaAlloggio", "EsVillaAlloggio\EsVillaAlloggio.csproj", "{2D68C2DF-2E5F-4099-B9D1-BD160FF99DD5}"
EndProject
Project("{FAE04EC0-301F-11D3-BF4B-00C04F79EFBC}") = "EsVillaAlloggioTests", "EsVillaAlloggioTests\EsVillaAlloggioTests.csproj", "{349D8E84-0737-40D9-8FA2-311A213A30E0}"
EndProject
Global
	GlobalSection(SolutionConfigurationPlatforms) = preSolution
		Debug|Any CPU = Debug|Any CPU
		Release|Any CPU = Release|Any CPU
	EndGlobalSection
	GlobalSection(ProjectConfigurationPlatforms) = postSolution
		{2D68C2DF-2E5F-4099-B9D1-BD160FF99DD5}.Debug|Any CPU.ActiveCfg = Debug|Any CPU
		{2D68C2DF-2E5F-4099-B9D1-BD160FF99DD5}.Debug|Any CPU.Build.0 = Debug|Any CPU
		{2D68C2DF-2E5F-4099-B9D1-BD160FF99DD5}.Release|Any CPU.ActiveCfg = Release|Any CPU
		{2D68C2DF-2E5F-4099-B9D1-BD160FF99DD5}.Release|Any CPU.Build.0 = Release|Any CPU
		{349D8E84-0737-40D9-8FA2-311A213A30E0}.Debug|Any CPU.ActiveCfg = Debug|Any CPU
		{349D8E84-0737-40D9-8FA2-311A213A30E0}.Debug|Any CPU.Build.0 = Debug|Any CPU
		{349D8E84-0737-40D9-8FA2-311A213A30E0}.Release|Any CPU.ActiveCfg = Release|Any CPU
		{349D8E84-0737-40D9-8FA2-311A213A30E0}.Release|Any CPU.Build.0 = Release|Any CPU
	EndGlobalSection
	GlobalSection(SolutionProperties) = preSolution
		HideSolutionNode = FALSE
	EndGlobalSection
	GlobalSection(ExtensibilityGlobals) = postSolution
		SolutionGuid = {CC333FE5-D8C9-4C07-87AF-C52A5EBE65B4}
	EndGlobalSection
EndGlobal
