
Microsoft Visual Studio Solution File, Format Version 12.00
# Visual Studio Version 16
VisualStudioVersion = 16.0.31005.135
MinimumVisualStudioVersion = 10.0.40219.1
Project("{FAE04EC0-301F-11D3-BF4B-00C04F79EFBC}") = "VirtualAndOverload", "VirtualAndOverload\VirtualAndOverload.csproj", "{42111A33-1F0F-46F9-90DC-0B2EF6D60967}"
EndProject
Global
	GlobalSection(SolutionConfigurationPlatforms) = preSolution
		Debug|Any CPU = Debug|Any CPU
		Release|Any CPU = Release|Any CPU
	EndGlobalSection
	GlobalSection(ProjectConfigurationPlatforms) = postSolution
		{42111A33-1F0F-46F9-90DC-0B2EF6D60967}.Debug|Any CPU.ActiveCfg = Debug|Any CPU
		{42111A33-1F0F-46F9-90DC-0B2EF6D60967}.Debug|Any CPU.Build.0 = Debug|Any CPU
		{42111A33-1F0F-46F9-90DC-0B2EF6D60967}.Release|Any CPU.ActiveCfg = Release|Any CPU
		{42111A33-1F0F-46F9-90DC-0B2EF6D60967}.Release|Any CPU.Build.0 = Release|Any CPU
	EndGlobalSection
	GlobalSection(SolutionProperties) = preSolution
		HideSolutionNode = FALSE
	EndGlobalSection
	GlobalSection(ExtensibilityGlobals) = postSolution
		SolutionGuid = {BEBD4F38-3852-4123-A27D-4198F57E9B15}
	EndGlobalSection
EndGlobal
