
Microsoft Visual Studio Solution File, Format Version 12.00
# Visual Studio Version 16
VisualStudioVersion = 16.0.31729.503
MinimumVisualStudioVersion = 10.0.40219.1
Project("{FAE04EC0-301F-11D3-BF4B-00C04F79EFBC}") = "ListDataStructure", "ListDataStructure\ListDataStructure.csproj", "{273AE0E6-C19A-4D46-8BF2-CDFB615180DD}"
EndProject
Global
	GlobalSection(SolutionConfigurationPlatforms) = preSolution
		Debug|Any CPU = Debug|Any CPU
		Release|Any CPU = Release|Any CPU
	EndGlobalSection
	GlobalSection(ProjectConfigurationPlatforms) = postSolution
		{273AE0E6-C19A-4D46-8BF2-CDFB615180DD}.Debug|Any CPU.ActiveCfg = Debug|Any CPU
		{273AE0E6-C19A-4D46-8BF2-CDFB615180DD}.Debug|Any CPU.Build.0 = Debug|Any CPU
		{273AE0E6-C19A-4D46-8BF2-CDFB615180DD}.Release|Any CPU.ActiveCfg = Release|Any CPU
		{273AE0E6-C19A-4D46-8BF2-CDFB615180DD}.Release|Any CPU.Build.0 = Release|Any CPU
	EndGlobalSection
	GlobalSection(SolutionProperties) = preSolution
		HideSolutionNode = FALSE
	EndGlobalSection
	GlobalSection(ExtensibilityGlobals) = postSolution
		SolutionGuid = {68738B35-8BDD-4EDB-AAC7-B1D872BB20BC}
	EndGlobalSection
EndGlobal
